
Microsoft Visual Studio Solution File, Format Version 12.00
# Visual Studio Version 16
VisualStudioVersion = 16.0.30804.86
MinimumVisualStudioVersion = 10.0.40219.1
Project("{FAE04EC0-301F-11D3-BF4B-00C04F79EFBC}") = "Ejercicio3", "Ejercicio3\Ejercicio3.csproj", "{8EB58A62-61FD-4668-A7E9-6278965D26B2}"
EndProject
Global
	GlobalSection(SolutionConfigurationPlatforms) = preSolution
		Debug|Any CPU = Debug|Any CPU
		Release|Any CPU = Release|Any CPU
	EndGlobalSection
	GlobalSection(ProjectConfigurationPlatforms) = postSolution
		{8EB58A62-61FD-4668-A7E9-6278965D26B2}.Debug|Any CPU.ActiveCfg = Debug|Any CPU
		{8EB58A62-61FD-4668-A7E9-6278965D26B2}.Debug|Any CPU.Build.0 = Debug|Any CPU
		{8EB58A62-61FD-4668-A7E9-6278965D26B2}.Release|Any CPU.ActiveCfg = Release|Any CPU
		{8EB58A62-61FD-4668-A7E9-6278965D26B2}.Release|Any CPU.Build.0 = Release|Any CPU
	EndGlobalSection
	GlobalSection(SolutionProperties) = preSolution
		HideSolutionNode = FALSE
	EndGlobalSection
	GlobalSection(ExtensibilityGlobals) = postSolution
		SolutionGuid = {AE61318A-8F7C-4907-9E47-71AF8BCABBD1}
	EndGlobalSection
EndGlobal
